
Microsoft Visual Studio Solution File, Format Version 12.00
# Visual Studio Version 17
VisualStudioVersion = 17.12.35527.113
MinimumVisualStudioVersion = 10.0.40219.1
Project("{FAE04EC0-301F-11D3-BF4B-00C04F79EFBC}") = "TextMessagingApp", "TextMessagingApp\TextMessagingApp.csproj", "{369E3611-C3D7-4BFB-BF77-78EA4F66C259}"
EndProject
Project("{FAE04EC0-301F-11D3-BF4B-00C04F79EFBC}") = "TextMessagingServer", "..\TextMessagingServer\TextMessagingServer\TextMessagingServer.csproj", "{FEC529C1-9781-42F2-B9B3-BD53FEB70F77}"
EndProject
Global
	GlobalSection(SolutionConfigurationPlatforms) = preSolution
		Debug|Any CPU = Debug|Any CPU
		Release|Any CPU = Release|Any CPU
	EndGlobalSection
	GlobalSection(ProjectConfigurationPlatforms) = postSolution
		{369E3611-C3D7-4BFB-BF77-78EA4F66C259}.Debug|Any CPU.ActiveCfg = Release|Any CPU
		{369E3611-C3D7-4BFB-BF77-78EA4F66C259}.Debug|Any CPU.Build.0 = Release|Any CPU
		{369E3611-C3D7-4BFB-BF77-78EA4F66C259}.Release|Any CPU.ActiveCfg = Release|Any CPU
		{369E3611-C3D7-4BFB-BF77-78EA4F66C259}.Release|Any CPU.Build.0 = Release|Any CPU
		{FEC529C1-9781-42F2-B9B3-BD53FEB70F77}.Debug|Any CPU.ActiveCfg = Debug|Any CPU
		{FEC529C1-9781-42F2-B9B3-BD53FEB70F77}.Debug|Any CPU.Build.0 = Debug|Any CPU
		{FEC529C1-9781-42F2-B9B3-BD53FEB70F77}.Release|Any CPU.ActiveCfg = Release|Any CPU
		{FEC529C1-9781-42F2-B9B3-BD53FEB70F77}.Release|Any CPU.Build.0 = Release|Any CPU
	EndGlobalSection
	GlobalSection(SolutionProperties) = preSolution
		HideSolutionNode = FALSE
	EndGlobalSection
EndGlobal
